// !$*UTF8*$!
{
	archiveVersion = 1;
	classes = {
	};
	objectVersion = 50;
	objects = {

/* Begin PBXFileReference section */
		94BAE4A7234AA2330020CE44 /* libopencv_highgui.2.4.13.dylib */ = {isa = PBXFileReference; lastKnownFileType = "compiled.mach-o.dylib"; name = libopencv_highgui.2.4.13.dylib; path = "../../../../usr/local/Cellar/opencv@2/2.4.13.7_5/lib/libopencv_highgui.2.4.13.dylib"; sourceTree = "<group>"; };
		94BAE4A8234AA2330020CE44 /* libopencv_objdetect.2.4.13.dylib */ = {isa = PBXFileReference; lastKnownFileType = "compiled.mach-o.dylib"; name = libopencv_objdetect.2.4.13.dylib; path = "../../../../usr/local/Cellar/opencv@2/2.4.13.7_5/lib/libopencv_objdetect.2.4.13.dylib"; sourceTree = "<group>"; };
		94BAE4A9234AA2330020CE44 /* libopencv_core.2.4.13.dylib */ = {isa = PBXFileReference; lastKnownFileType = "compiled.mach-o.dylib"; name = libopencv_core.2.4.13.dylib; path = "../../../../usr/local/Cellar/opencv@2/2.4.13.7_5/lib/libopencv_core.2.4.13.dylib"; sourceTree = "<group>"; };
		94BAE4AA234AA2330020CE44 /* libopencv_imgproc.2.4.13.dylib */ = {isa = PBXFileReference; lastKnownFileType = "compiled.mach-o.dylib"; name = libopencv_imgproc.2.4.13.dylib; path = "../../../../usr/local/Cellar/opencv@2/2.4.13.7_5/lib/libopencv_imgproc.2.4.13.dylib"; sourceTree = "<group>"; };
		94BAE4AB234AA2330020CE44 /* libopencv_ocl.2.4.13.dylib */ = {isa = PBXFileReference; lastKnownFileType = "compiled.mach-o.dylib"; name = libopencv_ocl.2.4.13.dylib; path = "../../../../usr/local/Cellar/opencv@2/2.4.13.7_5/lib/libopencv_ocl.2.4.13.dylib"; sourceTree = "<group>"; };
		94BAE4AC234AA2330020CE44 /* libopencv_photo.2.4.13.dylib */ = {isa = PBXFileReference; lastKnownFileType = "compiled.mach-o.dylib"; name = libopencv_photo.2.4.13.dylib; path = "../../../../usr/local/Cellar/opencv@2/2.4.13.7_5/lib/libopencv_photo.2.4.13.dylib"; sourceTree = "<group>"; };
		94BAE4AD234AA2330020CE44 /* libopencv_superres.2.4.13.dylib */ = {isa = PBXFileReference; lastKnownFileType = "compiled.mach-o.dylib"; name = libopencv_superres.2.4.13.dylib; path = "../../../../usr/local/Cellar/opencv@2/2.4.13.7_5/lib/libopencv_superres.2.4.13.dylib"; sourceTree = "<group>"; };
		94BAE4AE234AA2330020CE44 /* libopencv_legacy.2.4.13.dylib */ = {isa = PBXFileReference; lastKnownFileType = "compiled.mach-o.dylib"; name = libopencv_legacy.2.4.13.dylib; path = "../../../../usr/local/Cellar/opencv@2/2.4.13.7_5/lib/libopencv_legacy.2.4.13.dylib"; sourceTree = "<group>"; };
		94BAE4AF234AA2330020CE44 /* libopencv_nonfree.2.4.13.dylib */ = {isa = PBXFileReference; lastKnownFileType = "compiled.mach-o.dylib"; name = libopencv_nonfree.2.4.13.dylib; path = "../../../../usr/local/Cellar/opencv@2/2.4.13.7_5/lib/libopencv_nonfree.2.4.13.dylib"; sourceTree = "<group>"; };
		94BAE4B0234AA2330020CE44 /* libopencv_video.2.4.13.dylib */ = {isa = PBXFileReference; lastKnownFileType = "compiled.mach-o.dylib"; name = libopencv_video.2.4.13.dylib; path = "../../../../usr/local/Cellar/opencv@2/2.4.13.7_5/lib/libopencv_video.2.4.13.dylib"; sourceTree = "<group>"; };
		94BAE4B1234AA2330020CE44 /* libopencv_features2d.2.4.13.dylib */ = {isa = PBXFileReference; lastKnownFileType = "compiled.mach-o.dylib"; name = libopencv_features2d.2.4.13.dylib; path = "../../../../usr/local/Cellar/opencv@2/2.4.13.7_5/lib/libopencv_features2d.2.4.13.dylib"; sourceTree = "<group>"; };
		94BAE4B2234AA2330020CE44 /* libopencv_stitching.2.4.13.dylib */ = {isa = PBXFileReference; lastKnownFileType = "compiled.mach-o.dylib"; name = libopencv_stitching.2.4.13.dylib; path = "../../../../usr/local/Cellar/opencv@2/2.4.13.7_5/lib/libopencv_stitching.2.4.13.dylib"; sourceTree = "<group>"; };
		94BAE4B3234AA2330020CE44 /* libopencv_flann.2.4.13.dylib */ = {isa = PBXFileReference; lastKnownFileType = "compiled.mach-o.dylib"; name = libopencv_flann.2.4.13.dylib; path = "../../../../usr/local/Cellar/opencv@2/2.4.13.7_5/lib/libopencv_flann.2.4.13.dylib"; sourceTree = "<group>"; };
		94BAE4B4234AA2330020CE44 /* libopencv_gpu.2.4.13.dylib */ = {isa = PBXFileReference; lastKnownFileType = "compiled.mach-o.dylib"; name = libopencv_gpu.2.4.13.dylib; path = "../../../../usr/local/Cellar/opencv@2/2.4.13.7_5/lib/libopencv_gpu.2.4.13.dylib"; sourceTree = "<group>"; };
		94BAE4B5234AA2330020CE44 /* libopencv_videostab.2.4.13.dylib */ = {isa = PBXFileReference; lastKnownFileType = "compiled.mach-o.dylib"; name = libopencv_videostab.2.4.13.dylib; path = "../../../../usr/local/Cellar/opencv@2/2.4.13.7_5/lib/libopencv_videostab.2.4.13.dylib"; sourceTree = "<group>"; };
		94BAE4B6234AA2330020CE44 /* libopencv_contrib.2.4.13.dylib */ = {isa = PBXFileReference; lastKnownFileType = "compiled.mach-o.dylib"; name = libopencv_contrib.2.4.13.dylib; path = "../../../../usr/local/Cellar/opencv@2/2.4.13.7_5/lib/libopencv_contrib.2.4.13.dylib"; sourceTree = "<group>"; };
		94BAE4B7234AA2330020CE44 /* libopencv_ml.2.4.13.dylib */ = {isa = PBXFileReference; lastKnownFileType = "compiled.mach-o.dylib"; name = libopencv_ml.2.4.13.dylib; path = "../../../../usr/local/Cellar/opencv@2/2.4.13.7_5/lib/libopencv_ml.2.4.13.dylib"; sourceTree = "<group>"; };
		94BAE4B8234AA2330020CE44 /* libopencv_calib3d.2.4.13.dylib */ = {isa = PBXFileReference; lastKnownFileType = "compiled.mach-o.dylib"; name = libopencv_calib3d.2.4.13.dylib; path = "../../../../usr/local/Cellar/opencv@2/2.4.13.7_5/lib/libopencv_calib3d.2.4.13.dylib"; sourceTree = "<group>"; };
		94DDF68E23571CC400CBD53C /* Segmentation-AdvancedThresholding.py */ = {isa = PBXFileReference; fileEncoding = 4; lastKnownFileType = text.script.python; path = "Segmentation-AdvancedThresholding.py"; sourceTree = "<group>"; };
		94DDF68F23571CC400CBD53C /* OpenCV-Basics.py */ = {isa = PBXFileReference; fileEncoding = 4; lastKnownFileType = text.script.python; path = "OpenCV-Basics.py"; sourceTree = "<group>"; };
		94DDF69023571CC400CBD53C /* Segmentation-Thresholding.py */ = {isa = PBXFileReference; fileEncoding = 4; lastKnownFileType = text.script.python; path = "Segmentation-Thresholding.py"; sourceTree = "<group>"; };
		94ECE262235CA34900AFAC8B /* ObjectExtraction.py */ = {isa = PBXFileReference; lastKnownFileType = text.script.python; path = ObjectExtraction.py; sourceTree = "<group>"; };
		94ECE263235CC34600AFAC8B /* test.py */ = {isa = PBXFileReference; lastKnownFileType = text.script.python; path = test.py; sourceTree = "<group>"; };
		94ECE264235CC56F00AFAC8B /* test-Canny.py */ = {isa = PBXFileReference; lastKnownFileType = text.script.python; path = "test-Canny.py"; sourceTree = "<group>"; };
		94ECE266235D06CA00AFAC8B /* 3D_HistPlot.py */ = {isa = PBXFileReference; lastKnownFileType = text.script.python; path = 3D_HistPlot.py; sourceTree = "<group>"; };
		94ECE267235D42D700AFAC8B /* grabCut.py */ = {isa = PBXFileReference; lastKnownFileType = text.script.python; path = grabCut.py; sourceTree = "<group>"; };
		94ECE268235D5B1E00AFAC8B /* Assignment1.py */ = {isa = PBXFileReference; lastKnownFileType = text.script.python; path = Assignment1.py; sourceTree = "<group>"; };
		94ECE269235D7C7F00AFAC8B /* ref.py */ = {isa = PBXFileReference; lastKnownFileType = text.script.python; path = ref.py; sourceTree = "<group>"; };
/* End PBXFileReference section */

/* Begin PBXGroup section */
		943BDADA234A7E7900E23D06 = {
			isa = PBXGroup;
			children = (
				94BAE4B8234AA2330020CE44 /* libopencv_calib3d.2.4.13.dylib */,
				94BAE4B6234AA2330020CE44 /* libopencv_contrib.2.4.13.dylib */,
				94BAE4A9234AA2330020CE44 /* libopencv_core.2.4.13.dylib */,
				94BAE4B1234AA2330020CE44 /* libopencv_features2d.2.4.13.dylib */,
				94BAE4B3234AA2330020CE44 /* libopencv_flann.2.4.13.dylib */,
				94BAE4B4234AA2330020CE44 /* libopencv_gpu.2.4.13.dylib */,
				94BAE4A7234AA2330020CE44 /* libopencv_highgui.2.4.13.dylib */,
				94BAE4AA234AA2330020CE44 /* libopencv_imgproc.2.4.13.dylib */,
				94BAE4AE234AA2330020CE44 /* libopencv_legacy.2.4.13.dylib */,
				94BAE4B7234AA2330020CE44 /* libopencv_ml.2.4.13.dylib */,
				94BAE4AF234AA2330020CE44 /* libopencv_nonfree.2.4.13.dylib */,
				94BAE4A8234AA2330020CE44 /* libopencv_objdetect.2.4.13.dylib */,
				94BAE4AB234AA2330020CE44 /* libopencv_ocl.2.4.13.dylib */,
				94BAE4AC234AA2330020CE44 /* libopencv_photo.2.4.13.dylib */,
				94BAE4B2234AA2330020CE44 /* libopencv_stitching.2.4.13.dylib */,
				94BAE4AD234AA2330020CE44 /* libopencv_superres.2.4.13.dylib */,
				94BAE4B0234AA2330020CE44 /* libopencv_video.2.4.13.dylib */,
				94BAE4B5234AA2330020CE44 /* libopencv_videostab.2.4.13.dylib */,
				94DDF68F23571CC400CBD53C /* OpenCV-Basics.py */,
				94DDF68E23571CC400CBD53C /* Segmentation-AdvancedThresholding.py */,
				94ECE268235D5B1E00AFAC8B /* Assignment1.py */,
				94ECE269235D7C7F00AFAC8B /* ref.py */,
				94ECE263235CC34600AFAC8B /* test.py */,
				94ECE267235D42D700AFAC8B /* grabCut.py */,
				94ECE266235D06CA00AFAC8B /* 3D_HistPlot.py */,
				94ECE264235CC56F00AFAC8B /* test-Canny.py */,
				94DDF69023571CC400CBD53C /* Segmentation-Thresholding.py */,
				94ECE262235CA34900AFAC8B /* ObjectExtraction.py */,
			);
			sourceTree = "<group>";
		};
/* End PBXGroup section */

/* Begin PBXLegacyTarget section */
		943BDADF234A7E7900E23D06 /* ImageProcessing */ = {
			isa = PBXLegacyTarget;
			buildArgumentsString = "$(ACTION)";
			buildConfigurationList = 943BDAE2234A7E7A00E23D06 /* Build configuration list for PBXLegacyTarget "ImageProcessing" */;
			buildPhases = (
			);
			buildToolPath = /usr/local/bin/python3;
			dependencies = (
			);
			name = ImageProcessing;
			passBuildSettingsInEnvironment = 1;
			productName = ImageProcessing;
		};
/* End PBXLegacyTarget section */

/* Begin PBXProject section */
		943BDADB234A7E7900E23D06 /* Project object */ = {
			isa = PBXProject;
			attributes = {
				LastUpgradeCheck = 1100;
				ORGANIZATIONNAME = "Stephen Alger";
				TargetAttributes = {
					943BDADF234A7E7900E23D06 = {
						CreatedOnToolsVersion = 11.0;
					};
				};
			};
			buildConfigurationList = 943BDADE234A7E7900E23D06 /* Build configuration list for PBXProject "ImageProcessing" */;
			compatibilityVersion = "Xcode 9.3";
			developmentRegion = en;
			hasScannedForEncodings = 0;
			knownRegions = (
				en,
				Base,
			);
			mainGroup = 943BDADA234A7E7900E23D06;
			projectDirPath = "";
			projectRoot = "";
			targets = (
				943BDADF234A7E7900E23D06 /* ImageProcessing */,
			);
		};
/* End PBXProject section */

/* Begin XCBuildConfiguration section */
		943BDAE0234A7E7A00E23D06 /* Debug */ = {
			isa = XCBuildConfiguration;
			buildSettings = {
				ALWAYS_SEARCH_USER_PATHS = NO;
				CLANG_ANALYZER_NONNULL = YES;
				CLANG_ANALYZER_NUMBER_OBJECT_CONVERSION = YES_AGGRESSIVE;
				CLANG_CXX_LANGUAGE_STANDARD = "gnu++14";
				CLANG_CXX_LIBRARY = "libc++";
				CLANG_ENABLE_MODULES = YES;
				CLANG_ENABLE_OBJC_ARC = YES;
				CLANG_ENABLE_OBJC_WEAK = YES;
				CLANG_WARN_BLOCK_CAPTURE_AUTORELEASING = YES;
				CLANG_WARN_BOOL_CONVERSION = YES;
				CLANG_WARN_COMMA = YES;
				CLANG_WARN_CONSTANT_CONVERSION = YES;
				CLANG_WARN_DEPRECATED_OBJC_IMPLEMENTATIONS = YES;
				CLANG_WARN_DIRECT_OBJC_ISA_USAGE = YES_ERROR;
				CLANG_WARN_DOCUMENTATION_COMMENTS = YES;
				CLANG_WARN_EMPTY_BODY = YES;
				CLANG_WARN_ENUM_CONVERSION = YES;
				CLANG_WARN_INFINITE_RECURSION = YES;
				CLANG_WARN_INT_CONVERSION = YES;
				CLANG_WARN_NON_LITERAL_NULL_CONVERSION = YES;
				CLANG_WARN_OBJC_IMPLICIT_RETAIN_SELF = YES;
				CLANG_WARN_OBJC_LITERAL_CONVERSION = YES;
				CLANG_WARN_OBJC_ROOT_CLASS = YES_ERROR;
				CLANG_WARN_RANGE_LOOP_ANALYSIS = YES;
				CLANG_WARN_STRICT_PROTOTYPES = YES;
				CLANG_WARN_SUSPICIOUS_MOVE = YES;
				CLANG_WARN_UNGUARDED_AVAILABILITY = YES_AGGRESSIVE;
				CLANG_WARN_UNREACHABLE_CODE = YES;
				CLANG_WARN__DUPLICATE_METHOD_MATCH = YES;
				COPY_PHASE_STRIP = NO;
				DEBUG_INFORMATION_FORMAT = dwarf;
				ENABLE_STRICT_OBJC_MSGSEND = YES;
				ENABLE_TESTABILITY = YES;
				GCC_C_LANGUAGE_STANDARD = gnu11;
				GCC_DYNAMIC_NO_PIC = NO;
				GCC_NO_COMMON_BLOCKS = YES;
				GCC_OPTIMIZATION_LEVEL = 0;
				GCC_PREPROCESSOR_DEFINITIONS = (
					"DEBUG=1",
					"$(inherited)",
				);
				GCC_WARN_64_TO_32_BIT_CONVERSION = YES;
				GCC_WARN_ABOUT_RETURN_TYPE = YES_ERROR;
				GCC_WARN_UNDECLARED_SELECTOR = YES;
				GCC_WARN_UNINITIALIZED_AUTOS = YES_AGGRESSIVE;
				GCC_WARN_UNUSED_FUNCTION = YES;
				GCC_WARN_UNUSED_VARIABLE = YES;
				MTL_ENABLE_DEBUG_INFO = INCLUDE_SOURCE;
				MTL_FAST_MATH = YES;
				ONLY_ACTIVE_ARCH = YES;
			};
			name = Debug;
		};
		943BDAE1234A7E7A00E23D06 /* Release */ = {
			isa = XCBuildConfiguration;
			buildSettings = {
				ALWAYS_SEARCH_USER_PATHS = NO;
				CLANG_ANALYZER_NONNULL = YES;
				CLANG_ANALYZER_NUMBER_OBJECT_CONVERSION = YES_AGGRESSIVE;
				CLANG_CXX_LANGUAGE_STANDARD = "gnu++14";
				CLANG_CXX_LIBRARY = "libc++";
				CLANG_ENABLE_MODULES = YES;
				CLANG_ENABLE_OBJC_ARC = YES;
				CLANG_ENABLE_OBJC_WEAK = YES;
				CLANG_WARN_BLOCK_CAPTURE_AUTORELEASING = YES;
				CLANG_WARN_BOOL_CONVERSION = YES;
				CLANG_WARN_COMMA = YES;
				CLANG_WARN_CONSTANT_CONVERSION = YES;
				CLANG_WARN_DEPRECATED_OBJC_IMPLEMENTATIONS = YES;
				CLANG_WARN_DIRECT_OBJC_ISA_USAGE = YES_ERROR;
				CLANG_WARN_DOCUMENTATION_COMMENTS = YES;
				CLANG_WARN_EMPTY_BODY = YES;
				CLANG_WARN_ENUM_CONVERSION = YES;
				CLANG_WARN_INFINITE_RECURSION = YES;
				CLANG_WARN_INT_CONVERSION = YES;
				CLANG_WARN_NON_LITERAL_NULL_CONVERSION = YES;
				CLANG_WARN_OBJC_IMPLICIT_RETAIN_SELF = YES;
				CLANG_WARN_OBJC_LITERAL_CONVERSION = YES;
				CLANG_WARN_OBJC_ROOT_CLASS = YES_ERROR;
				CLANG_WARN_RANGE_LOOP_ANALYSIS = YES;
				CLANG_WARN_STRICT_PROTOTYPES = YES;
				CLANG_WARN_SUSPICIOUS_MOVE = YES;
				CLANG_WARN_UNGUARDED_AVAILABILITY = YES_AGGRESSIVE;
				CLANG_WARN_UNREACHABLE_CODE = YES;
				CLANG_WARN__DUPLICATE_METHOD_MATCH = YES;
				COPY_PHASE_STRIP = NO;
				DEBUG_INFORMATION_FORMAT = "dwarf-with-dsym";
				ENABLE_NS_ASSERTIONS = NO;
				ENABLE_STRICT_OBJC_MSGSEND = YES;
				GCC_C_LANGUAGE_STANDARD = gnu11;
				GCC_NO_COMMON_BLOCKS = YES;
				GCC_WARN_64_TO_32_BIT_CONVERSION = YES;
				GCC_WARN_ABOUT_RETURN_TYPE = YES_ERROR;
				GCC_WARN_UNDECLARED_SELECTOR = YES;
				GCC_WARN_UNINITIALIZED_AUTOS = YES_AGGRESSIVE;
				GCC_WARN_UNUSED_FUNCTION = YES;
				GCC_WARN_UNUSED_VARIABLE = YES;
				MTL_ENABLE_DEBUG_INFO = NO;
				MTL_FAST_MATH = YES;
			};
			name = Release;
		};
		943BDAE3234A7E7A00E23D06 /* Debug */ = {
			isa = XCBuildConfiguration;
			buildSettings = {
				CODE_SIGN_STYLE = Automatic;
				DEBUGGING_SYMBOLS = YES;
				DEBUG_INFORMATION_FORMAT = dwarf;
				DEVELOPMENT_TEAM = 64G55X8M4T;
				GCC_GENERATE_DEBUGGING_SYMBOLS = YES;
				GCC_OPTIMIZATION_LEVEL = 0;
				OTHER_CFLAGS = "";
				OTHER_LDFLAGS = "";
				PRODUCT_NAME = "$(TARGET_NAME)";
			};
			name = Debug;
		};
		943BDAE4234A7E7A00E23D06 /* Release */ = {
			isa = XCBuildConfiguration;
			buildSettings = {
				CODE_SIGN_STYLE = Automatic;
				DEBUG_INFORMATION_FORMAT = "dwarf-with-dsym";
				DEVELOPMENT_TEAM = 64G55X8M4T;
				OTHER_CFLAGS = "";
				OTHER_LDFLAGS = "";
				PRODUCT_NAME = "$(TARGET_NAME)";
			};
			name = Release;
		};
/* End XCBuildConfiguration section */

/* Begin XCConfigurationList section */
		943BDADE234A7E7900E23D06 /* Build configuration list for PBXProject "ImageProcessing" */ = {
			isa = XCConfigurationList;
			buildConfigurations = (
				943BDAE0234A7E7A00E23D06 /* Debug */,
				943BDAE1234A7E7A00E23D06 /* Release */,
			);
			defaultConfigurationIsVisible = 0;
			defaultConfigurationName = Release;
		};
		943BDAE2234A7E7A00E23D06 /* Build configuration list for PBXLegacyTarget "ImageProcessing" */ = {
			isa = XCConfigurationList;
			buildConfigurations = (
				943BDAE3234A7E7A00E23D06 /* Debug */,
				943BDAE4234A7E7A00E23D06 /* Release */,
			);
			defaultConfigurationIsVisible = 0;
			defaultConfigurationName = Release;
		};
/* End XCConfigurationList section */
	};
	rootObject = 943BDADB234A7E7900E23D06 /* Project object */;
}
